
Microsoft Visual Studio Solution File, Format Version 12.00
# Visual Studio Version 17
VisualStudioVersion = 17.4.33103.184
MinimumVisualStudioVersion = 10.0.40219.1
Project("{FAE04EC0-301F-11D3-BF4B-00C04F79EFBC}") = "ejemplo 4,6", "ejemplo 4,6\ejemplo 4,6.csproj", "{59C8F3A8-13B4-47DD-A058-6C255EBC62B9}"
EndProject
Global
	GlobalSection(SolutionConfigurationPlatforms) = preSolution
		Debug|Any CPU = Debug|Any CPU
		Release|Any CPU = Release|Any CPU
	EndGlobalSection
	GlobalSection(ProjectConfigurationPlatforms) = postSolution
		{59C8F3A8-13B4-47DD-A058-6C255EBC62B9}.Debug|Any CPU.ActiveCfg = Debug|Any CPU
		{59C8F3A8-13B4-47DD-A058-6C255EBC62B9}.Debug|Any CPU.Build.0 = Debug|Any CPU
		{59C8F3A8-13B4-47DD-A058-6C255EBC62B9}.Release|Any CPU.ActiveCfg = Release|Any CPU
		{59C8F3A8-13B4-47DD-A058-6C255EBC62B9}.Release|Any CPU.Build.0 = Release|Any CPU
	EndGlobalSection
	GlobalSection(SolutionProperties) = preSolution
		HideSolutionNode = FALSE
	EndGlobalSection
	GlobalSection(ExtensibilityGlobals) = postSolution
		SolutionGuid = {7388DFE1-5EDF-4CFB-AE99-1390D9A9A57E}
	EndGlobalSection
EndGlobal
